
Microsoft Visual Studio Solution File, Format Version 12.00
# Visual Studio Version 16
VisualStudioVersion = 16.0.30804.86
MinimumVisualStudioVersion = 10.0.40219.1
Project("{FAE04EC0-301F-11D3-BF4B-00C04F79EFBC}") = "Blog.CMS.API", "Blog.CMS.API\Blog.CMS.API.csproj", "{FF4E7B3E-5019-4054-B8A1-37FADC96AADE}"
EndProject
Global
	GlobalSection(SolutionConfigurationPlatforms) = preSolution
		Debug|Any CPU = Debug|Any CPU
		Release|Any CPU = Release|Any CPU
	EndGlobalSection
	GlobalSection(ProjectConfigurationPlatforms) = postSolution
		{FF4E7B3E-5019-4054-B8A1-37FADC96AADE}.Debug|Any CPU.ActiveCfg = Debug|Any CPU
		{FF4E7B3E-5019-4054-B8A1-37FADC96AADE}.Debug|Any CPU.Build.0 = Debug|Any CPU
		{FF4E7B3E-5019-4054-B8A1-37FADC96AADE}.Release|Any CPU.ActiveCfg = Release|Any CPU
		{FF4E7B3E-5019-4054-B8A1-37FADC96AADE}.Release|Any CPU.Build.0 = Release|Any CPU
	EndGlobalSection
	GlobalSection(SolutionProperties) = preSolution
		HideSolutionNode = FALSE
	EndGlobalSection
	GlobalSection(ExtensibilityGlobals) = postSolution
		SolutionGuid = {B11F6FA1-30BF-4EED-BCF0-0C4E55DE80DD}
	EndGlobalSection
EndGlobal
